
Microsoft Visual Studio Solution File, Format Version 12.00
# Visual Studio Version 17
VisualStudioVersion = 17.12.35707.178
MinimumVisualStudioVersion = 10.0.40219.1
Project("{FAE04EC0-301F-11D3-BF4B-00C04F79EFBC}") = "CrossPrimitives", "CrossPrimitives\CrossPrimitives.csproj", "{6A4976D4-0F76-4A9C-91DF-ECCBE49B1173}"
EndProject
Project("{FAE04EC0-301F-11D3-BF4B-00C04F79EFBC}") = "CrossPrimitives.GodotAdapter", "CrossPrimitives.GodotAdapter\CrossPrimitives.GodotAdapter.csproj", "{102CB54C-AAA7-4145-938A-47EF231C8C99}"
EndProject
Project("{2150E333-8FDC-42A3-9474-1A3956D46DE8}") = "Solution Items", "Solution Items", "{13B0B7AA-A5B9-4EE3-BE2E-5D122974D065}"
	ProjectSection(SolutionItems) = preProject
		icon.png = icon.png
		LICENSE = LICENSE
		README.md = README.md
	EndProjectSection
EndProject
Project("{FAE04EC0-301F-11D3-BF4B-00C04F79EFBC}") = "CrossPrimitives.SourceGenerator", "CrossPrimitives.SourceGenerator\CrossPrimitives.SourceGenerator.csproj", "{3A27F55E-19E7-4F60-9D5F-8F892A7108E0}"
EndProject
Global
	GlobalSection(SolutionConfigurationPlatforms) = preSolution
		Debug|Any CPU = Debug|Any CPU
		Release|Any CPU = Release|Any CPU
	EndGlobalSection
	GlobalSection(ProjectConfigurationPlatforms) = postSolution
		{6A4976D4-0F76-4A9C-91DF-ECCBE49B1173}.Debug|Any CPU.ActiveCfg = Debug|Any CPU
		{6A4976D4-0F76-4A9C-91DF-ECCBE49B1173}.Debug|Any CPU.Build.0 = Debug|Any CPU
		{6A4976D4-0F76-4A9C-91DF-ECCBE49B1173}.Release|Any CPU.ActiveCfg = Release|Any CPU
		{6A4976D4-0F76-4A9C-91DF-ECCBE49B1173}.Release|Any CPU.Build.0 = Release|Any CPU
		{102CB54C-AAA7-4145-938A-47EF231C8C99}.Debug|Any CPU.ActiveCfg = Debug|Any CPU
		{102CB54C-AAA7-4145-938A-47EF231C8C99}.Debug|Any CPU.Build.0 = Debug|Any CPU
		{102CB54C-AAA7-4145-938A-47EF231C8C99}.Release|Any CPU.ActiveCfg = Release|Any CPU
		{102CB54C-AAA7-4145-938A-47EF231C8C99}.Release|Any CPU.Build.0 = Release|Any CPU
		{3A27F55E-19E7-4F60-9D5F-8F892A7108E0}.Debug|Any CPU.ActiveCfg = Debug|Any CPU
		{3A27F55E-19E7-4F60-9D5F-8F892A7108E0}.Debug|Any CPU.Build.0 = Debug|Any CPU
		{3A27F55E-19E7-4F60-9D5F-8F892A7108E0}.Release|Any CPU.ActiveCfg = Release|Any CPU
		{3A27F55E-19E7-4F60-9D5F-8F892A7108E0}.Release|Any CPU.Build.0 = Release|Any CPU
	EndGlobalSection
	GlobalSection(SolutionProperties) = preSolution
		HideSolutionNode = FALSE
	EndGlobalSection
EndGlobal
